
Microsoft Visual Studio Solution File, Format Version 12.00
# Visual Studio Version 17
VisualStudioVersion = 17.10.35004.147
MinimumVisualStudioVersion = 10.0.40219.1
Project("{FAE04EC0-301F-11D3-BF4B-00C04F79EFBC}") = "API", "API\API.csproj", "{D292C237-0AB6-4952-B01E-6D99BC6B71F1}"
	ProjectSection(ProjectDependencies) = postProject
		{08E7CCBC-9FD1-4845-93F7-B4E413888A90} = {08E7CCBC-9FD1-4845-93F7-B4E413888A90}
		{67F33FF3-397E-4E12-B082-7A0D8E3AADD4} = {67F33FF3-397E-4E12-B082-7A0D8E3AADD4}
	EndProjectSection
EndProject
Project("{2150E333-8FDC-42A3-9474-1A3956D46DE8}") = "ShopAPI", "ShopAPI", "{BFDB8B9B-B618-4145-8BE4-9A1FD9102945}"
EndProject
Project("{FAE04EC0-301F-11D3-BF4B-00C04F79EFBC}") = "API.DAL", "API.DAL\API.DAL.csproj", "{08E7CCBC-9FD1-4845-93F7-B4E413888A90}"
	ProjectSection(ProjectDependencies) = postProject
		{67F33FF3-397E-4E12-B082-7A0D8E3AADD4} = {67F33FF3-397E-4E12-B082-7A0D8E3AADD4}
	EndProjectSection
EndProject
Project("{FAE04EC0-301F-11D3-BF4B-00C04F79EFBC}") = "API.Domain", "API.Domain\API.Domain.csproj", "{67F33FF3-397E-4E12-B082-7A0D8E3AADD4}"
EndProject
Global
	GlobalSection(SolutionConfigurationPlatforms) = preSolution
		Debug|Any CPU = Debug|Any CPU
		Release|Any CPU = Release|Any CPU
	EndGlobalSection
	GlobalSection(ProjectConfigurationPlatforms) = postSolution
		{D292C237-0AB6-4952-B01E-6D99BC6B71F1}.Debug|Any CPU.ActiveCfg = Debug|Any CPU
		{D292C237-0AB6-4952-B01E-6D99BC6B71F1}.Debug|Any CPU.Build.0 = Debug|Any CPU
		{D292C237-0AB6-4952-B01E-6D99BC6B71F1}.Release|Any CPU.ActiveCfg = Release|Any CPU
		{D292C237-0AB6-4952-B01E-6D99BC6B71F1}.Release|Any CPU.Build.0 = Release|Any CPU
		{08E7CCBC-9FD1-4845-93F7-B4E413888A90}.Debug|Any CPU.ActiveCfg = Debug|Any CPU
		{08E7CCBC-9FD1-4845-93F7-B4E413888A90}.Debug|Any CPU.Build.0 = Debug|Any CPU
		{08E7CCBC-9FD1-4845-93F7-B4E413888A90}.Release|Any CPU.ActiveCfg = Release|Any CPU
		{08E7CCBC-9FD1-4845-93F7-B4E413888A90}.Release|Any CPU.Build.0 = Release|Any CPU
		{67F33FF3-397E-4E12-B082-7A0D8E3AADD4}.Debug|Any CPU.ActiveCfg = Debug|Any CPU
		{67F33FF3-397E-4E12-B082-7A0D8E3AADD4}.Debug|Any CPU.Build.0 = Debug|Any CPU
		{67F33FF3-397E-4E12-B082-7A0D8E3AADD4}.Release|Any CPU.ActiveCfg = Release|Any CPU
		{67F33FF3-397E-4E12-B082-7A0D8E3AADD4}.Release|Any CPU.Build.0 = Release|Any CPU
	EndGlobalSection
	GlobalSection(SolutionProperties) = preSolution
		HideSolutionNode = FALSE
	EndGlobalSection
	GlobalSection(NestedProjects) = preSolution
		{D292C237-0AB6-4952-B01E-6D99BC6B71F1} = {BFDB8B9B-B618-4145-8BE4-9A1FD9102945}
		{08E7CCBC-9FD1-4845-93F7-B4E413888A90} = {BFDB8B9B-B618-4145-8BE4-9A1FD9102945}
		{67F33FF3-397E-4E12-B082-7A0D8E3AADD4} = {BFDB8B9B-B618-4145-8BE4-9A1FD9102945}
	EndGlobalSection
	GlobalSection(ExtensibilityGlobals) = postSolution
		SolutionGuid = {5C779172-F0D5-468D-A348-CE3662C8143A}
	EndGlobalSection
EndGlobal
